PODS:
  - AFNetworking (1.3.4)
  - AFOAuth2Client (0.1.2):
    - AFNetworking (~> 1.3)
  - LayerVaultAPI (3.0.4):
    - AFNetworking (~> 1.3.4)
    - AFOAuth2Client (~> 0.1.2)
    - Mantle (~> 1.5)
    - PromiseKit/Promise (~> 0.9.18)
    - PromiseKit/When (~> 0.9.18)
  - Mantle (1.5):
    - Mantle/extobjc
  - Mantle/extobjc (1.5)
  - PromiseKit/Promise (0.9.18)
  - PromiseKit/When (0.9.18):
    - PromiseKit/Promise
  - ReactiveCocoa (2.3.1):
    - ReactiveCocoa/UI
  - ReactiveCocoa/Core (2.3.1):
    - ReactiveCocoa/no-arc
  - ReactiveCocoa/no-arc (2.3.1)
  - ReactiveCocoa/UI (2.3.1):
    - ReactiveCocoa/Core
  - SSKeychain (1.2.2)

DEPENDENCIES:
  - LayerVaultAPI (from `../`)
  - ReactiveCocoa (~> 2.3.1)
  - SSKeychain (~> 1.2.2)

EXTERNAL SOURCES:
  LayerVaultAPI:
    :path: ../

SPEC CHECKSUMS:
  AFNetworking: 80c4e0652b08eb34e25b9c0ff3c82556fe5967b4
  AFOAuth2Client: 4f05d29e0a26c7ddf529dd7c4480af6ee1e982c6
  LayerVaultAPI: 51296b5429b4e8a2e7e6aee9320095c2de2fb225
  Mantle: c67a7e45e14196ed42b2a7cbb98ff6a9920e6b92
  PromiseKit: 6d82595668e5a8bfdf5d1015abe246d9d44ae82e
  ReactiveCocoa: dca75777b9d18990c8714a3a6f2149f29b4d1462
  SSKeychain: cc48bd3ad24fcd9125adb9e0d23dd50b8bbd08b9

COCOAPODS: 0.34.1
