PODS:
  - AFNetworking (1.3.3)
  - AFOAuth2Client (0.1.1):
    - AFNetworking (~> 1.0)
  - Mantle (1.3):
    - Mantle/extobjc
  - Mantle/extobjc (1.3)
  - ReactiveCocoa (2.1.1):
    - ReactiveCocoa/Core
    - ReactiveCocoa/no-arc
  - ReactiveCocoa/Core (2.1.1):
    - ReactiveCocoa/no-arc
  - ReactiveCocoa/no-arc (2.1.1)

DEPENDENCIES:
  - AFNetworking (~> 1.3.3)
  - AFOAuth2Client (~> 0.1.1)
  - Mantle (~> 1.3)
  - ReactiveCocoa (~> 2.1.1)

SPEC CHECKSUMS:
  AFNetworking: 0700ec7a58c36ad217173e167f6e4df7270df66b
  AFOAuth2Client: 039596f19e8a4bdd852cb3fc44ddbe45e12c290a
  Mantle: c3e963daaad6f1418feacce974d789b2d0465539
  ReactiveCocoa: 1419dd4d49ffa6088e0b0b41b784b5bd9e60d6ff

COCOAPODS: 0.26.2
